{
  "name": "elit-website",
  "version": "4.0.0",
  "lockfileVersion": 3,
  "requires": true,
  "packages": {
    "": {
      "name": "elit-website",
      "version": "4.0.0",
      "dependencies": {
        "@elitjs/config": "file:../packages/config",
        "@elitjs/core": "file:../packages/core",
        "@elitjs/devtools": "file:../packages/devtools",
        "@elitjs/dom": "file:../packages/dom",
        "@elitjs/el": "file:../packages/el",
        "@elitjs/render-context": "file:../packages/render-context",
        "@elitjs/router": "file:../packages/router",
        "@elitjs/server": "file:../packages/server",
        "@elitjs/state": "file:../packages/state",
        "@elitjs/style": "file:../packages/style"
      },
      "devDependencies": {
        "@elitjs/cli": "file:../packages/cli",
        "typescript": "^5.3.0"
      }
    },
    "..": {
      "version": "4.0.1",
      "dev": true,
      "license": "MIT",
      "optional": true,
      "peer": true,
      "dependencies": {
        "@elitjs/build": "file:packages/build",
        "@elitjs/chokidar": "file:packages/chokidar",
        "@elitjs/cli": "file:packages/cli",
        "@elitjs/config": "file:packages/config",
        "@elitjs/core": "file:packages/core",
        "@elitjs/database": "file:packages/database",
        "@elitjs/desktop": "file:packages/desktop",
        "@elitjs/desktop-auto-render": "file:packages/desktop-auto-render",
        "@elitjs/dev-build": "file:packages/dev-build",
        "@elitjs/devtools": "file:packages/devtools",
        "@elitjs/dom": "file:packages/dom",
        "@elitjs/el": "file:packages/el",
        "@elitjs/fs": "file:packages/fs",
        "@elitjs/hmr": "file:packages/hmr",
        "@elitjs/http": "file:packages/http",
        "@elitjs/https": "file:packages/https",
        "@elitjs/mime-types": "file:packages/mime-types",
        "@elitjs/native": "file:packages/native",
        "@elitjs/path": "file:packages/path",
        "@elitjs/pm": "file:packages/pm",
        "@elitjs/preview-build": "file:packages/preview-build",
        "@elitjs/render-context": "file:packages/render-context",
        "@elitjs/router": "file:packages/router",
        "@elitjs/runtime": "file:packages/runtime",
        "@elitjs/server": "file:packages/server",
        "@elitjs/smtp-server": "file:packages/smtp-server",
        "@elitjs/state": "file:packages/state",
        "@elitjs/style": "file:packages/style",
        "@elitjs/test": "file:packages/test",
        "@elitjs/universal": "file:packages/universal",
        "@elitjs/wapk": "file:packages/wapk",
        "@elitjs/workspace-package": "file:packages/workspace-package",
        "@elitjs/ws": "file:packages/ws",
        "@elitjs/wss": "file:packages/wss",
        "acorn": "^8.14.0",
        "esbuild": "^0.28.1",
        "esbuild-obfuscator-plugin": "^0.0.5",
        "magic-string": "^0.30.17",
        "open": "^11.0.0",
        "smtp-server": "^3.18.4",
        "source-map": "^0.7.6"
      },
      "devDependencies": {
        "@types/bun": "^1.3.6",
        "@types/mime-types": "^2.1.4",
        "@types/node": "^25.0.10",
        "@types/smtp-server": "^3.5.13",
        "@types/ws": "^8.5.13",
        "copyfiles": "^2.4.1",
        "elysia": "^1.4.19",
        "terser": "^5.44.1",
        "ts-node": "^10.9.2",
        "tsup": "^8.0.0"
      }
    },
    "../packages/cli": {
      "name": "@elitjs/cli",
      "version": "4.0.1",
      "dev": true,
      "license": "MIT",
      "dependencies": {
        "@elitjs/build": "file:../build",
        "@elitjs/chokidar": "file:../chokidar",
        "@elitjs/config": "file:../config",
        "@elitjs/core": "file:../core",
        "@elitjs/dev-build": "file:../dev-build",
        "@elitjs/native": "file:../native",
        "@elitjs/pm": "file:../pm",
        "@elitjs/preview-build": "file:../preview-build",
        "@elitjs/render-context": "file:../render-context",
        "@elitjs/server": "file:../server",
        "@elitjs/test": "file:../test",
        "@elitjs/wapk": "file:../wapk",
        "@elitjs/workspace-package": "file:../workspace-package"
      },
      "bin": {
        "elit": "dist/cli.cjs"
      },
      "devDependencies": {
        "@types/node": "^25.0.10",
        "tsup": "^8.0.0",
        "typescript": "^5.3.0"
      }
    },
    "../packages/config": {
      "name": "@elitjs/config",
      "version": "4.0.1",
      "license": "MIT",
      "dependencies": {
        "@elitjs/build": "file:../build",
        "@elitjs/fs": "file:../fs",
        "@elitjs/path": "file:../path",
        "@elitjs/server": "file:../server",
        "@elitjs/workspace-package": "file:../workspace-package"
      },
      "devDependencies": {
        "@types/node": "^25.0.10",
        "tsup": "^8.0.0",
        "typescript": "^5.3.0"
      }
    },
    "../packages/core": {
      "name": "@elitjs/core",
      "version": "4.0.1",
      "license": "MIT",
      "devDependencies": {
        "@types/node": "^25.0.10",
        "tsup": "^8.0.0",
        "typescript": "^5.3.0"
      }
    },
    "../packages/devtools": {
      "name": "@elitjs/devtools",
      "version": "4.0.1",
      "license": "MIT",
      "dependencies": {
        "@elitjs/core": "file:../core",
        "@elitjs/dom": "file:../dom"
      },
      "devDependencies": {
        "@types/node": "^25.0.10",
        "tsup": "^8.0.0",
        "typescript": "^5.3.0"
      }
    },
    "../packages/dom": {
      "name": "@elitjs/dom",
      "version": "4.0.1",
      "license": "MIT",
      "dependencies": {
        "@elitjs/core": "file:../core",
        "@elitjs/render-context": "file:../render-context"
      },
      "devDependencies": {
        "@types/node": "^25.0.10",
        "tsup": "^8.0.0",
        "typescript": "^5.3.0"
      }
    },
    "../packages/el": {
      "name": "@elitjs/el",
      "version": "4.0.1",
      "license": "MIT",
      "dependencies": {
        "@elitjs/core": "file:../core"
      },
      "devDependencies": {
        "@types/node": "^25.0.10",
        "tsup": "^8.0.0",
        "typescript": "^5.3.0"
      }
    },
    "../packages/render-context": {
      "name": "@elitjs/render-context",
      "version": "4.0.1",
      "license": "MIT",
      "dependencies": {
        "@elitjs/core": "file:../core"
      },
      "devDependencies": {
        "@types/node": "^25.0.10",
        "tsup": "^8.0.0",
        "typescript": "^5.3.0"
      }
    },
    "../packages/router": {
      "name": "@elitjs/router",
      "version": "4.0.1",
      "license": "MIT",
      "dependencies": {
        "@elitjs/core": "file:../core",
        "@elitjs/dom": "file:../dom"
      },
      "devDependencies": {
        "@types/node": "^25.0.10",
        "tsup": "^8.0.0",
        "typescript": "^5.3.0"
      }
    },
    "../packages/server": {
      "name": "@elitjs/server",
      "version": "4.0.1",
      "license": "MIT",
      "dependencies": {
        "@elitjs/chokidar": "file:../chokidar",
        "@elitjs/core": "file:../core",
        "@elitjs/dom": "file:../dom",
        "@elitjs/fs": "file:../fs",
        "@elitjs/http": "file:../http",
        "@elitjs/https": "file:../https",
        "@elitjs/mime-types": "file:../mime-types",
        "@elitjs/path": "file:../path",
        "@elitjs/runtime": "file:../runtime",
        "@elitjs/smtp-server": "file:../smtp-server",
        "@elitjs/ws": "file:../ws",
        "@elitjs/wss": "file:../wss"
      },
      "devDependencies": {
        "@types/node": "^25.0.10",
        "@types/ws": "^8.5.13",
        "tsup": "^8.0.0",
        "typescript": "^5.3.0"
      }
    },
    "../packages/state": {
      "name": "@elitjs/state",
      "version": "4.0.1",
      "license": "MIT",
      "dependencies": {
        "@elitjs/core": "file:../core",
        "@elitjs/dom": "file:../dom"
      },
      "devDependencies": {
        "@types/node": "^25.0.10",
        "tsup": "^8.0.0",
        "typescript": "^5.3.0"
      }
    },
    "../packages/style": {
      "name": "@elitjs/style",
      "version": "4.0.1",
      "license": "MIT",
      "devDependencies": {
        "@types/node": "^25.0.10",
        "tsup": "^8.0.0",
        "typescript": "^5.3.0"
      }
    },
    "node_modules/@elitjs/cli": {
      "resolved": "../packages/cli",
      "link": true
    },
    "node_modules/@elitjs/config": {
      "resolved": "../packages/config",
      "link": true
    },
    "node_modules/@elitjs/core": {
      "resolved": "../packages/core",
      "link": true
    },
    "node_modules/@elitjs/devtools": {
      "resolved": "../packages/devtools",
      "link": true
    },
    "node_modules/@elitjs/dom": {
      "resolved": "../packages/dom",
      "link": true
    },
    "node_modules/@elitjs/el": {
      "resolved": "../packages/el",
      "link": true
    },
    "node_modules/@elitjs/render-context": {
      "resolved": "../packages/render-context",
      "link": true
    },
    "node_modules/@elitjs/router": {
      "resolved": "../packages/router",
      "link": true
    },
    "node_modules/@elitjs/server": {
      "resolved": "../packages/server",
      "link": true
    },
    "node_modules/@elitjs/state": {
      "resolved": "../packages/state",
      "link": true
    },
    "node_modules/@elitjs/style": {
      "resolved": "../packages/style",
      "link": true
    },
    "node_modules/typescript": {
      "version": "5.9.3",
      "resolved": "https://registry.npmjs.org/typescript/-/typescript-5.9.3.tgz",
      "integrity": "sha512-jl1vZzPDinLr9eUt3J/t7V6FgNEw9QjvBPdysz9KfQDD41fQrC2Y4vKQdiaUpFT4bXlb1RHhLpp8wtm6M5TgSw==",
      "dev": true,
      "license": "Apache-2.0",
      "bin": {
        "tsc": "bin/tsc",
        "tsserver": "bin/tsserver"
      },
      "engines": {
        "node": ">=14.17"
      }
    }
  }
}
